version = 1
revision = 1
requires-python = ">=3.14"

[[package]]
name = "annotated-doc"
version = "0.0.5"
source = { registry = "https://pypi.org/simple" }
sdist = { url = "https://files.pythonhosted.org/packages/5a/8e/38aa427ed5402449e226975b649c5dc73ccadfefeb95e6aecb8f8ea4b6b6/annotated_doc-0.0.5.tar.gz", hash = "sha256:c7e58ce09192557605d8bbd92836d7e1d520ac9580096042c0bfd197efacf1bb", size = 10758 }
wheels = [
    { url = "https://files.pythonhosted.org/packages/3e/30/e900b21425a860e195f32e37657aa1f7c7f2b1bfb26f03ca209b90933c06/annotated_doc-0.0.5-py3-none-any.whl", hash = "sha256:117bac03a25ede5df5440e855b32d556049ca169ead221505badf432fed4b101", size = 5302 },
]

[[package]]
name = "appdirs"
version = "1.4.4"
source = { registry = "https://pypi.org/simple" }
sdist = { url = "https://files.pythonhosted.org/packages/d7/d8/05696357e0311f5b5c316d7b95f46c669dd9c15aaeecbb48c7d0aeb88c40/appdirs-1.4.4.tar.gz", hash = "sha256:7d5d0167b2b1ba821647616af46a749d1c653740dd0d2415100fe26e27afdf41", size = 13470 }
wheels = [
    { url = "https://files.pythonhosted.org/packages/3b/00/2344469e2084fb287c2e0b57b72910309874c3245463acd6cf5e3db69324/appdirs-1.4.4-py2.py3-none-any.whl", hash = "sha256:a841dacd6b99318a741b166adb07e19ee71a274450e68237b4650ca1055ab128", size = 9566 },
]

[[package]]
name = "colorama"
version = "0.4.6"
source = { registry = "https://pypi.org/simple" }
sdist = { url = "https://files.pythonhosted.org/packages/d8/53/6f443c9a4a8358a93a6792e2acffb9d9d5cb0a5cfd8802644b7b1c9a02e4/colorama-0.4.6.tar.gz", hash = "sha256:08695f5cb7ed6e0531a20572697297273c47b8cae5a63ffc6d6ed5c201be6e44", size = 27697 }
wheels = [
    { url = "https://files.pythonhosted.org/packages/d1/d6/3965ed04c63042e047cb6a3e6ed1a63a35087b6a609aa3a15ed8ac56c221/colorama-0.4.6-py2.py3-none-any.whl", hash = "sha256:4f1d9991f5acc0ca119f9d443620b77f9d6b33703e51011c16baf57afb285fc6", size = 25335 },
]

[[package]]
name = "distro"
version = "1.9.0"
source = { registry = "https://pypi.org/simple" }
sdist = { url = "https://files.pythonhosted.org/packages/fc/f8/98eea607f65de6527f8a2e8885fc8015d3e6f5775df186e443e0964a11c3/distro-1.9.0.tar.gz", hash = "sha256:2fa77c6fd8940f116ee1d6b94a2f90b13b5ea8d019b98bc8bafdcabcdd9bdbed", size = 60722 }
wheels = [
    { url = "https://files.pythonhosted.org/packages/12/b3/231ffd4ab1fc9d679809f356cebee130ac7daa00d6d6f3206dd4fd137e9e/distro-1.9.0-py3-none-any.whl", hash = "sha256:7bffd925d65168f85027d8da9af6bddab658135b840670a223589bc0c8ef02b2", size = 20277 },
]

[[package]]
name = "elementpath"
version = "5.0.4"
source = { registry = "https://pypi.org/simple" }
sdist = { url = "https://files.pythonhosted.org/packages/e7/bc/ccadb197f8ed565c0e39f5ee4302ffe96c81abb1f20a0979798a6271b668/elementpath-5.0.4.tar.gz", hash = "sha256:85ed93565d6e94aefa160b12f36b12cbe4be6bf9bbde06b80f2c5c94829a25fb", size = 365851 }
wheels = [
    { url = "https://files.pythonhosted.org/packages/a9/b6/f85666707b9f9ff94ada851cbaa6f1c91a0f5802aa5e498772251e1e7772/elementpath-5.0.4-py3-none-any.whl", hash = "sha256:75d6f31c614d57e50eb749fc50806e3102880cd1f6552da3f2265f8eb8d3bbc6", size = 245512 },
]

[[package]]
name = "frozendict"
version = "2.4.7"
source = { registry = "https://pypi.org/simple" }
sdist = { url = "https://files.pythonhosted.org/packages/90/b2/2a3d1374b7780999d3184e171e25439a8358c47b481f68be883c14086b4c/frozendict-2.4.7.tar.gz", hash = "sha256:e478fb2a1391a56c8a6e10cc97c4a9002b410ecd1ac28c18d780661762e271bd", size = 317082 }
wheels = [
    { url = "https://files.pythonhosted.org/packages/38/74/f94141b38a51a553efef7f510fc213894161ae49b88bffd037f8d2a7cb2f/frozendict-2.4.7-py3-none-any.whl", hash = "sha256:972af65924ea25cf5b4d9326d549e69a9a4918d8a76a9d3a7cd174d98b237550", size = 16264 },
]

[[package]]
name = "iniconfig"
version = "2.3.0"
source = { registry = "https://pypi.org/simple" }
sdist = { url = "https://files.pythonhosted.org/packages/72/34/14ca021ce8e5dfedc35312d08ba8bf51fdd999c576889fc2c24cb97f4f10/iniconfig-2.3.0.tar.gz", hash = "sha256:c76315c77db068650d49c5b56314774a7804df16fee4402c1f19d6d15d8c4730", size = 20503 }
wheels = [
    { url = "https://files.pythonhosted.org/packages/cb/b1/3846dd7f199d53cb17f49cba7e651e9ce294d8497c8c150530ed11865bb8/iniconfig-2.3.0-py3-none-any.whl", hash = "sha256:f631c04d2c48c52b84d0d0549c99ff3859c98df65b3101406327ecc7d53fbf12", size = 7484 },
]

[[package]]
name = "jinja2"
version = "3.1.6"
source = { registry = "https://pypi.org/simple" }
dependencies = [
    { name = "markupsafe" },
]
sdist = { url = "https://files.pythonhosted.org/packages/df/bf/f7da0350254c0ed7c72f3e33cef02e048281fec7ecec5f032d4aac52226b/jinja2-3.1.6.tar.gz", hash = "sha256:0137fb05990d35f1275a587e9aee6d56da821fc83491a0fb838183be43f66d6d", size = 245115 }
wheels = [
    { url = "https://files.pythonhosted.org/packages/62/a1/3d680cbfd5f4b8f15abc1d571870c5fc3e594bb582bc3b64ea099db13e56/jinja2-3.1.6-py3-none-any.whl", hash = "sha256:85ece4451f492d0c13c5dd7c13a64681a86afae63a5f347908daf103ce6d2f67", size = 134899 },
]

[[package]]
name = "lxml"
version = "6.0.4"
source = { registry = "https://pypi.org/simple" }
sdist = { url = "https://files.pythonhosted.org/packages/ce/08/1217ca4043f55c3c92993b283a7dbfa456a2058d8b57bbb416cc96b6efff/lxml-6.0.4.tar.gz", hash = "sha256:4137516be2a90775f99d8ef80ec0283f8d78b5d8bd4630ff20163b72e7e9abf2", size = 4237780 }
wheels = [
    { url = "https://files.pythonhosted.org/packages/10/18/36e28a809c509a67496202771f545219ac5a2f1cd61aae325991fcf5ab91/lxml-6.0.4-cp314-cp314-macosx_10_15_universal2.whl", hash = "sha256:569d3b18340863f603582d2124e742a68e85755eff5e47c26a55e298521e3a01", size = 8575045 },
    { url = "https://files.pythonhosted.org/packages/11/38/a168c820e3b08d3b4fa0f4e6b53b3930086b36cc11e428106d38c36778cd/lxml-6.0.4-cp314-cp314-macosx_10_15_x86_64.whl", hash = "sha256:3b6245ee5241342d45e1a54a4a8bc52ef322333ada74f24aa335c4ab36f20161", size = 4622963 },
    { url = "https://files.pythonhosted.org/packages/53/e0/2c9d6abdd82358cea3c0d8d6ca272a6af0f38156abce7827efb6d5b62d17/lxml-6.0.4-cp314-cp314-manylinux2014_aarch64.manylinux_2_17_aarch64.whl", hash = "sha256:79a1173ba3213a3693889a435417d4e9f3c07d96e30dc7cc3a712ed7361015fe", size = 4948832 },
    { url = "https://files.pythonhosted.org/packages/96/d7/f2202852e91d7baf3a317f4523a9c14834145301e5b0f2e80c01c4bfbd49/lxml-6.0.4-cp314-cp314-manylinux2014_x86_64.manylinux_2_17_x86_64.whl", hash = "sha256:dc18bb975666b443ba23aedd2fcf57e9d0d97546b52a1de97a447c4061ba4110", size = 5085865 },
    { url = "https://files.pythonhosted.org/packages/09/57/abee549324496e92708f71391c6060a164d3c95369656a1a15e9f20d8162/lxml-6.0.4-cp314-cp314-manylinux_2_26_aarch64.manylinux_2_28_aarch64.whl", hash = "sha256:2079f5dc83291ac190a52f8354b78648f221ecac19fb2972a2d056b555824de7", size = 5030001 },
    { url = "https://files.pythonhosted.org/packages/c2/f8/432da7178c5917a16468af6c5da68fef7cf3357d4bd0e6f50272ec9a59b5/lxml-6.0.4-cp314-cp314-manylinux_2_26_ppc64le.manylinux_2_28_ppc64le.whl", hash = "sha256:3eda02da4ca16e9ca22bbe5654470c17fa1abcd967a52e4c2e50ff278221e351", size = 5646303 },
    { url = "https://files.pythonhosted.org/packages/82/f9/e1c04ef667a6bf9c9dbd3bf04c50fa51d7ee25b258485bb748b27eb9a1c7/lxml-6.0.4-cp314-cp314-manylinux_2_26_x86_64.manylinux_2_28_x86_64.whl", hash = "sha256:c3787cdc3832b70e21ac2efafea2a82a8ccb5e85bec110dc68b26023e9d3caae", size = 5237940 },
    { url = "https://files.pythonhosted.org/packages/d0/f0/cdea60d92df731725fc3c4f33e387b100f210acd45c92969e42d2ba993fa/lxml-6.0.4-cp314-cp314-manylinux_2_28_i686.whl", hash = "sha256:3f276d49c23103565d39440b9b3f4fc08fa22f5a96395ea4b4d4fea4458b1505", size = 5350050 },
    { url = "https://files.pythonhosted.org/packages/2e/15/bf52c7a70b6081bb9e00d37cc90fcf60aa84468d9d173ad2fade38ec34c5/lxml-6.0.4-cp314-cp314-manylinux_2_31_armv7l.whl", hash = "sha256:fdfdad73736402375b11b3a137e48cd09634177516baf5fc0bd80d1ca85f3cda", size = 4696409 },
    { url = "https://files.pythonhosted.org/packages/c5/69/9bade267332cc06f9a9aa773b5a11bdfb249af485df9e142993009ea1fc4/lxml-6.0.4-cp314-cp314-manylinux_2_38_riscv64.manylinux_2_39_riscv64.whl", hash = "sha256:75912421456946931daba0ec3cedfa824c756585d05bde97813a17992bfbd013", size = 5249072 },
    { url = "https://files.pythonhosted.org/packages/14/ca/043bcacb096d6ed291cbbc58724e9625a453069d6edeb840b0bf18038d05/lxml-6.0.4-cp314-cp314-musllinux_1_2_aarch64.whl", hash = "sha256:48cd5a88da67233fd82f2920db344503c2818255217cd6ea462c9bb8254ba7cb", size = 5083779 },
    { url = "https://files.pythonhosted.org/packages/04/89/f5fb18d76985969e84af13682e489acabee399bb54738a363925ea6e7390/lxml-6.0.4-cp314-cp314-musllinux_1_2_armv7l.whl", hash = "sha256:87af86a8fa55b9ff1e6ee4233d762296f2ce641ba948af783fb995c5a8a3371b", size = 4736953 },
    { url = "https://files.pythonhosted.org/packages/84/ba/d1d7284bb4ba951f188c3fc0455943c1fcbd1c33d1324d6d57b7d4a45be6/lxml-6.0.4-cp314-cp314-musllinux_1_2_ppc64le.whl", hash = "sha256:a743714cd656ba7ccb29d199783906064c7b5ba3c0e2a79f0244ea0badc6a98c", size = 5669605 },
    { url = "https://files.pythonhosted.org/packages/72/05/1463e55f2de27bb60feddc894dd7c0833bd501f8861392ed416291b38db5/lxml-6.0.4-cp314-cp314-musllinux_1_2_riscv64.whl", hash = "sha256:e31c76bd066fb4f81d9a32e5843bffdf939ab27afb1ffc1c924e749bfbdb00e3", size = 5236886 },
    { url = "https://files.pythonhosted.org/packages/fe/fb/0b6ee9194ce3ac49db4cadaa8a9158f04779fc768b6c27c4e2945d71a99d/lxml-6.0.4-cp314-cp314-musllinux_1_2_x86_64.whl", hash = "sha256:f185fd6e7d550e9917d7103dccf51be589aba953e15994fb04646c1730019685", size = 5263382 },
    { url = "https://files.pythonhosted.org/packages/9a/93/ec18a08e98dd82cac39f1d2511ee2bed5affb94d228356d8ef165a4ec3b9/lxml-6.0.4-cp314-cp314-win32.whl", hash = "sha256:774660028f8722a598400430d2746fb0075949f84a9a5cd9767d9152e3baaac5", size = 3656164 },
    { url = "https://files.pythonhosted.org/packages/15/86/52507316abfc7150bf6bb191e39a12e301ee80334610a493884ae2f9d20d/lxml-6.0.4-cp314-cp314-win_amd64.whl", hash = "sha256:fbd7d14349413f5609c0b537b1a48117d6ccef1af37986af6b03766ad05bf43e", size = 4062512 },
    { url = "https://files.pythonhosted.org/packages/f1/d5/09c593a2ef2234b8cd6cf059e2dc212e0654bf05c503f0ef2daf05adb680/lxml-6.0.4-cp314-cp314-win_arm64.whl", hash = "sha256:a61a01ec3fbfd5b73a69a7bf513271051fd6c5795d82fc5daa0255934cd8db3d", size = 3740745 },
    { url = "https://files.pythonhosted.org/packages/4a/3c/42a98bf6693938bf7b285ec7f70ba2ae9d785d0e5b2cdb85d2ee29e287eb/lxml-6.0.4-cp314-cp314t-macosx_10_15_universal2.whl", hash = "sha256:504edb62df33cea502ea6e73847c647ba228623ca3f80a228be5723a70984dd5", size = 8826437 },
    { url = "https://files.pythonhosted.org/packages/c2/c2/ad13f39b2db8709788aa2dcb6e90b81da76db3b5b2e7d35e0946cf984960/lxml-6.0.4-cp314-cp314t-macosx_10_15_x86_64.whl", hash = "sha256:f01b7b0316d4c0926d49a7f003b2d30539f392b140a3374bb788bad180bc8478", size = 4734892 },
    { url = "https://files.pythonhosted.org/packages/2c/6d/c559d7b5922c5b0380fc2cb5ac134b6a3f9d79d368347a624ee5d68b0816/lxml-6.0.4-cp314-cp314t-manylinux2014_aarch64.manylinux_2_17_aarch64.whl", hash = "sha256:ab999933e662501efe4b16e6cfb7c9f9deca7d072cd1788b99c8defde78c0dfb", size = 4969173 },
    { url = "https://files.pythonhosted.org/packages/c7/78/ca521e36157f38e3e1a29276855cdf48d213138fc0c8365693ff5c876ca7/lxml-6.0.4-cp314-cp314t-manylinux2014_x86_64.manylinux_2_17_x86_64.whl", hash = "sha256:67c3f084389fe75932c39b6869a377f6c8e21e818f31ae8a30c71dd2e59360e2", size = 5103134 },
    { url = "https://files.pythonhosted.org/packages/28/a7/7d62d023bacaa0aaf60af8c0a77c6c05f84327396d755f3aa64b788678a9/lxml-6.0.4-cp314-cp314t-manylinux_2_26_aarch64.manylinux_2_28_aarch64.whl", hash = "sha256:377ea1d654f76ed6205c87d14920f829c9f4d31df83374d3cbcbdaae804d37b2", size = 5027205 },
    { url = "https://files.pythonhosted.org/packages/34/be/51b194b81684f2e85e5d992771c45d70cb22ac6f7291ac6bc7b255830afe/lxml-6.0.4-cp314-cp314t-manylinux_2_26_ppc64le.manylinux_2_28_ppc64le.whl", hash = "sha256:e60cd0bcacbfd1a96d63516b622183fb2e3f202300df9eb5533391a8a939dbfa", size = 5594461 },
    { url = "https://files.pythonhosted.org/packages/39/24/8850f38fbf89dd072ff31ba22f9e40347aeada7cadf710ecb04b8d9f32d4/lxml-6.0.4-cp314-cp314t-manylinux_2_26_x86_64.manylinux_2_28_x86_64.whl", hash = "sha256:6e9e30fd63d41dd0bbdb020af5cdfffd5d9b554d907cb210f18e8fcdc8eac013", size = 5223378 },
    { url = "https://files.pythonhosted.org/packages/2a/9b/595239ba8c719b0fdc7bc9ebdb7564459c9a6b24b8b363df4a02674aeece/lxml-6.0.4-cp314-cp314t-manylinux_2_28_i686.whl", hash = "sha256:1fb4a1606bb68c533002e7ed50d7e55e58f0ef1696330670281cb79d5ab2050d", size = 5311415 },
    { url = "https://files.pythonhosted.org/packages/be/cb/aa27ac8d041acf34691577838494ad08df78e83fdfdb66948d2903e9291e/lxml-6.0.4-cp314-cp314t-manylinux_2_31_armv7l.whl", hash = "sha256:695c7708438e449d57f404db8cc1b769e77ad5b50655f32f8175686ba752f293", size = 4637953 },
    { url = "https://files.pythonhosted.org/packages/f6/f2/f19114fd86825c2d1ce41cd99daad218d30cfdd2093d4de9273986fb4d68/lxml-6.0.4-cp314-cp314t-manylinux_2_38_riscv64.manylinux_2_39_riscv64.whl", hash = "sha256:d49c35ae1e35ee9b569892cf8f8f88db9524f28d66e9daee547a5ef9f3c5f468", size = 5231532 },
    { url = "https://files.pythonhosted.org/packages/9a/0e/c3fa354039ec0b6b09f40fbe1129efc572ac6239faa4906de42d5ce87c0a/lxml-6.0.4-cp314-cp314t-musllinux_1_2_aarch64.whl", hash = "sha256:5801072f8967625e6249d162065d0d6011ef8ce3d0efb8754496b5246b81a74b", size = 5083767 },
    { url = "https://files.pythonhosted.org/packages/b3/4b/1a0dbb6d6ffae16e54a8a3796ded0ad2f9c3bc1ff3728bde33456f4e1d63/lxml-6.0.4-cp314-cp314t-musllinux_1_2_armv7l.whl", hash = "sha256:cbf768541526eba5ef1a49f991122e41b39781eafd0445a5a110fc09947a20b5", size = 4758079 },
    { url = "https://files.pythonhosted.org/packages/a9/01/a246cf5f80f96766051de4b305d6552f80bdaefb37f04e019e42af0aba69/lxml-6.0.4-cp314-cp314t-musllinux_1_2_ppc64le.whl", hash = "sha256:eecce87cc09233786fc31c230268183bf6375126cfec1c8b3673fcdc8767b560", size = 5618686 },
    { url = "https://files.pythonhosted.org/packages/eb/1f/b072a92369039ebef11b0a654be5134fcf3ed04c0f437faf9435ac9ba845/lxml-6.0.4-cp314-cp314t-musllinux_1_2_riscv64.whl", hash = "sha256:07dce892881179e11053066faca2da17b0eeb0bb7298f11bcf842a86db207dbd", size = 5227259 },
    { url = "https://files.pythonhosted.org/packages/d5/a0/dc97034f9d4c0c4d30875147d81fd2c0c7f3d261b109db36ed746bf8ab1d/lxml-6.0.4-cp314-cp314t-musllinux_1_2_x86_64.whl", hash = "sha256:e4f97aee337b947e6699e5574c90d087d3e2ce517016241c07e7e98a28dca885", size = 5246190 },
    { url = "https://files.pythonhosted.org/packages/f2/ef/85cb69835113583c2516fee07d0ffb4d824b557424b06ba5872c20ba6078/lxml-6.0.4-cp314-cp314t-win32.whl", hash = "sha256:064477c0d4c695aa1ea4b9c1c4ee9043ab740d12135b74c458cc658350adcd86", size = 3896005 },
    { url = "https://files.pythonhosted.org/packages/3d/5e/2231f34cc54b8422b793593138d86d3fa4588fb2297d4ea0472390f25627/lxml-6.0.4-cp314-cp314t-win_amd64.whl", hash = "sha256:25bad2d8438f4ef5a7ad4a8d8bcaadde20c0daced8bdb56d46236b0a7d1cbdd0", size = 4391037 },
    { url = "https://files.pythonhosted.org/packages/39/53/8ba3cd5984f8363635450c93f63e541a0721b362bb32ae0d8237d9674aee/lxml-6.0.4-cp314-cp314t-win_arm64.whl", hash = "sha256:1dcd9e6cb9b7df808ea33daebd1801f37a8f50e8c075013ed2a2343246727838", size = 3816184 },
]

[[package]]
name = "markdown-it-py"
version = "4.2.0"
source = { registry = "https://pypi.org/simple" }
dependencies = [
    { name = "mdurl" },
]
sdist = { url = "https://files.pythonhosted.org/packages/06/ff/7841249c247aa650a76b9ee4bbaeae59370dc8bfd2f6c01f3630c35eb134/markdown_it_py-4.2.0.tar.gz", hash = "sha256:04a21681d6fbb623de53f6f364d352309d4094dd4194040a10fd51833e418d49", size = 82454 }
wheels = [
    { url = "https://files.pythonhosted.org/packages/b3/81/4da04ced5a082363ecfa159c010d200ecbd959ae410c10c0264a38cac0f5/markdown_it_py-4.2.0-py3-none-any.whl", hash = "sha256:9f7ebbcd14fe59494226453aed97c1070d83f8d24b6fc3a3bcf9a38092641c4a", size = 91687 },
]

[[package]]
name = "markupsafe"
version = "3.0.3"
source = { registry = "https://pypi.org/simple" }
sdist = { url = "https://files.pythonhosted.org/packages/7e/99/7690b6d4034fffd95959cbe0c02de8deb3098cc577c67bb6a24fe5d7caa7/markupsafe-3.0.3.tar.gz", hash = "sha256:722695808f4b6457b320fdc131280796bdceb04ab50fe1795cd540799ebe1698", size = 80313 }
wheels = [
    { url = "https://files.pythonhosted.org/packages/33/8a/8e42d4838cd89b7dde187011e97fe6c3af66d8c044997d2183fbd6d31352/markupsafe-3.0.3-cp314-cp314-macosx_10_13_x86_64.whl", hash = "sha256:eaa9599de571d72e2daf60164784109f19978b327a3910d3e9de8c97b5b70cfe", size = 11619 },
    { url = "https://files.pythonhosted.org/packages/b5/64/7660f8a4a8e53c924d0fa05dc3a55c9cee10bbd82b11c5afb27d44b096ce/markupsafe-3.0.3-cp314-cp314-macosx_11_0_arm64.whl", hash = "sha256:c47a551199eb8eb2121d4f0f15ae0f923d31350ab9280078d1e5f12b249e0026", size = 12029 },
    { url = "https://files.pythonhosted.org/packages/da/ef/e648bfd021127bef5fa12e1720ffed0c6cbb8310c8d9bea7266337ff06de/markupsafe-3.0.3-cp314-cp314-manylinux2014_aarch64.manylinux_2_17_aarch64.manylinux_2_28_aarch64.whl", hash = "sha256:f34c41761022dd093b4b6896d4810782ffbabe30f2d443ff5f083e0cbbb8c737", size = 24408 },
    { url = "https://files.pythonhosted.org/packages/41/3c/a36c2450754618e62008bf7435ccb0f88053e07592e6028a34776213d877/markupsafe-3.0.3-cp314-cp314-manylinux2014_x86_64.manylinux_2_17_x86_64.manylinux_2_28_x86_64.whl", hash = "sha256:457a69a9577064c05a97c41f4e65148652db078a3a509039e64d3467b9e7ef97", size = 23005 },
    { url = "https://files.pythonhosted.org/packages/bc/20/b7fdf89a8456b099837cd1dc21974632a02a999ec9bf7ca3e490aacd98e7/markupsafe-3.0.3-cp314-cp314-manylinux_2_31_riscv64.manylinux_2_39_riscv64.whl", hash = "sha256:e8afc3f2ccfa24215f8cb28dcf43f0113ac3c37c2f0f0806d8c70e4228c5cf4d", size = 22048 },
    { url = "https://files.pythonhosted.org/packages/9a/a7/591f592afdc734f47db08a75793a55d7fbcc6902a723ae4cfbab61010cc5/markupsafe-3.0.3-cp314-cp314-musllinux_1_2_aarch64.whl", hash = "sha256:ec15a59cf5af7be74194f7ab02d0f59a62bdcf1a537677ce67a2537c9b87fcda", size = 23821 },
    { url = "https://files.pythonhosted.org/packages/7d/33/45b24e4f44195b26521bc6f1a82197118f74df348556594bd2262bda1038/markupsafe-3.0.3-cp314-cp314-musllinux_1_2_riscv64.whl", hash = "sha256:0eb9ff8191e8498cca014656ae6b8d61f39da5f95b488805da4bb029cccbfbaf", size = 21606 },
    { url = "https://files.pythonhosted.org/packages/ff/0e/53dfaca23a69fbfbbf17a4b64072090e70717344c52eaaaa9c5ddff1e5f0/markupsafe-3.0.3-cp314-cp314-musllinux_1_2_x86_64.whl", hash = "sha256:2713baf880df847f2bece4230d4d094280f4e67b1e813eec43b4c0e144a34ffe", size = 23043 },
    { url = "https://files.pythonhosted.org/packages/46/11/f333a06fc16236d5238bfe74daccbca41459dcd8d1fa952e8fbd5dccfb70/markupsafe-3.0.3-cp314-cp314-win32.whl", hash = "sha256:729586769a26dbceff69f7a7dbbf59ab6572b99d94576a5592625d5b411576b9", size = 14747 },
    { url = "https://files.pythonhosted.org/packages/28/52/182836104b33b444e400b14f797212f720cbc9ed6ba34c800639d154e821/markupsafe-3.0.3-cp314-cp314-win_amd64.whl", hash = "sha256:bdc919ead48f234740ad807933cdf545180bfbe9342c2bb451556db2ed958581", size = 15341 },
    { url = "https://files.pythonhosted.org/packages/6f/18/acf23e91bd94fd7b3031558b1f013adfa21a8e407a3fdb32745538730382/markupsafe-3.0.3-cp314-cp314-win_arm64.whl", hash = "sha256:5a7d5dc5140555cf21a6fefbdbf8723f06fcd2f63ef108f2854de715e4422cb4", size = 14073 },
    { url = "https://files.pythonhosted.org/packages/3c/f0/57689aa4076e1b43b15fdfa646b04653969d50cf30c32a102762be2485da/markupsafe-3.0.3-cp314-cp314t-macosx_10_13_x86_64.whl", hash = "sha256:1353ef0c1b138e1907ae78e2f6c63ff67501122006b0f9abad68fda5f4ffc6ab", size = 11661 },
    { url = "https://files.pythonhosted.org/packages/89/c3/2e67a7ca217c6912985ec766c6393b636fb0c2344443ff9d91404dc4c79f/markupsafe-3.0.3-cp314-cp314t-macosx_11_0_arm64.whl", hash = "sha256:1085e7fbddd3be5f89cc898938f42c0b3c711fdcb37d75221de2666af647c175", size = 12069 },
    { url = "https://files.pythonhosted.org/packages/f0/00/be561dce4e6ca66b15276e184ce4b8aec61fe83662cce2f7d72bd3249d28/markupsafe-3.0.3-cp314-cp314t-manylinux2014_aarch64.manylinux_2_17_aarch64.manylinux_2_28_aarch64.whl", hash = "sha256:1b52b4fb9df4eb9ae465f8d0c228a00624de2334f216f178a995ccdcf82c4634", size = 25670 },
    { url = "https://files.pythonhosted.org/packages/50/09/c419f6f5a92e5fadde27efd190eca90f05e1261b10dbd8cbcb39cd8ea1dc/markupsafe-3.0.3-cp314-cp314t-manylinux2014_x86_64.manylinux_2_17_x86_64.manylinux_2_28_x86_64.whl", hash = "sha256:fed51ac40f757d41b7c48425901843666a6677e3e8eb0abcff09e4ba6e664f50", size = 23598 },
    { url = "https://files.pythonhosted.org/packages/22/44/a0681611106e0b2921b3033fc19bc53323e0b50bc70cffdd19f7d679bb66/markupsafe-3.0.3-cp314-cp314t-manylinux_2_31_riscv64.manylinux_2_39_riscv64.whl", hash = "sha256:f190daf01f13c72eac4efd5c430a8de82489d9cff23c364c3ea822545032993e", size = 23261 },
    { url = "https://files.pythonhosted.org/packages/5f/57/1b0b3f100259dc9fffe780cfb60d4be71375510e435efec3d116b6436d43/markupsafe-3.0.3-cp314-cp314t-musllinux_1_2_aarch64.whl", hash = "sha256:e56b7d45a839a697b5eb268c82a71bd8c7f6c94d6fd50c3d577fa39a9f1409f5", size = 24835 },
    { url = "https://files.pythonhosted.org/packages/26/6a/4bf6d0c97c4920f1597cc14dd720705eca0bf7c787aebc6bb4d1bead5388/markupsafe-3.0.3-cp314-cp314t-musllinux_1_2_riscv64.whl", hash = "sha256:f3e98bb3798ead92273dc0e5fd0f31ade220f59a266ffd8a4f6065e0a3ce0523", size = 22733 },
    { url = "https://files.pythonhosted.org/packages/14/c7/ca723101509b518797fedc2fdf79ba57f886b4aca8a7d31857ba3ee8281f/markupsafe-3.0.3-cp314-cp314t-musllinux_1_2_x86_64.whl", hash = "sha256:5678211cb9333a6468fb8d8be0305520aa073f50d17f089b5b4b477ea6e67fdc", size = 23672 },
    { url = "https://files.pythonhosted.org/packages/fb/df/5bd7a48c256faecd1d36edc13133e51397e41b73bb77e1a69deab746ebac/markupsafe-3.0.3-cp314-cp314t-win32.whl", hash = "sha256:915c04ba3851909ce68ccc2b8e2cd691618c4dc4c4232fb7982bca3f41fd8c3d", size = 14819 },
    { url = "https://files.pythonhosted.org/packages/1a/8a/0402ba61a2f16038b48b39bccca271134be00c5c9f0f623208399333c448/markupsafe-3.0.3-cp314-cp314t-win_amd64.whl", hash = "sha256:4faffd047e07c38848ce017e8725090413cd80cbc23d86e55c587bf979e579c9", size = 15426 },
    { url = "https://files.pythonhosted.org/packages/70/bc/6f1c2f612465f5fa89b95bead1f44dcb607670fd42891d8fdcd5d039f4f4/markupsafe-3.0.3-cp314-cp314t-win_arm64.whl", hash = "sha256:32001d6a8fc98c8cb5c947787c5d08b0a50663d139f1305bac5885d98d9b40fa", size = 14146 },
]

[[package]]
name = "mdurl"
version = "0.1.2"
source = { registry = "https://pypi.org/simple" }
sdist = { url = "https://files.pythonhosted.org/packages/d6/54/cfe61301667036ec958cb99bd3efefba235e65cdeb9c84d24a8293ba1d90/mdurl-0.1.2.tar.gz", hash = "sha256:bb413d29f5eea38f31dd4754dd7377d4465116fb207585f97bf925588687c1ba", size = 8729 }
wheels = [
    { url = "https://files.pythonhosted.org/packages/b3/38/89ba8ad64ae25be8de66a6d463314cf1eb366222074cfda9ee839c56a4b4/mdurl-0.1.2-py3-none-any.whl", hash = "sha256:84008a41e51615a49fc9966191ff91509e3c40b939176e643fd50a5c2196b8f8", size = 9979 },
]

[[package]]
name = "packaging"
version = "26.3"
source = { registry = "https://pypi.org/simple" }
sdist = { url = "https://files.pythonhosted.org/packages/7d/fa/3944b40b07da9ce895c0e6303a5ab7d53da063554f534556b134a54d6093/packaging-26.3.tar.gz", hash = "sha256:94edc256424af38762eb31306eed28beb9f0efc50a8837492c9d6fd6004aed79", size = 313412 }
wheels = [
    { url = "https://files.pythonhosted.org/packages/63/34/ba1c580383c9eada3711951fef0795c80b829a078d72188184bcab9dd527/packaging-26.3-py3-none-any.whl", hash = "sha256:d7193f7c8e4e93f444fde0262bf90af30e16fa0ad0ad44cb553c87339b23cd1c", size = 129956 },
]

[[package]]
name = "pluggy"
version = "1.6.0"
source = { registry = "https://pypi.org/simple" }
sdist = { url = "https://files.pythonhosted.org/packages/f9/e2/3e91f31a7d2b083fe6ef3fa267035b518369d9511ffab804f839851d2779/pluggy-1.6.0.tar.gz", hash = "sha256:7dcc130b76258d33b90f61b658791dede3486c3e6bfb003ee5c9bfb396dd22f3", size = 69412 }
wheels = [
    { url = "https://files.pythonhosted.org/packages/54/20/4d324d65cc6d9205fabedc306948156824eb9f0ee1633355a8f7ec5c66bf/pluggy-1.6.0-py3-none-any.whl", hash = "sha256:e920276dd6813095e9377c0bc5566d94c932c33b27a3e3945d8389c374dd4746", size = 20538 },
]

[[package]]
name = "pygments"
version = "2.21.0"
source = { registry = "https://pypi.org/simple" }
sdist = { url = "https://files.pythonhosted.org/packages/49/2e/ced460408999b33da6b31b0021b0f37d329e202d4169aeb164493778f25b/pygments-2.21.0.tar.gz", hash = "sha256:610ca751c9bc2492b38eb9a38a7fbc93edbbb2d7182edaf34e66ae493dee5c8c", size = 5005329 }
wheels = [
    { url = "https://files.pythonhosted.org/packages/71/46/17f022dd3e953bf20a04a028a21ec746d942f8d2af30fa0f124fa0e6a684/pygments-2.21.0-py3-none-any.whl", hash = "sha256:2363c69b61c4a97c838da3b130dcd6468f4848992b21a82f2a63ec34377137d9", size = 1250147 },
]

[[package]]
name = "pyschematron"
version = "1.2.1"
source = { registry = "https://pypi.org/simple" }
dependencies = [
    { name = "appdirs" },
    { name = "elementpath" },
    { name = "frozendict" },
    { name = "jinja2" },
    { name = "lxml" },
    { name = "ruyaml" },
    { name = "typer" },
    { name = "xmlschema" },
]
sdist = { url = "https://files.pythonhosted.org/packages/27/b0/390f44378c413c27db32a568ba6673f43570ac59093120438a2f8f423dac/pyschematron-1.2.1.tar.gz", hash = "sha256:87340e518b856e9aed043ffc0991f7092184c2430220aab31041dfee0784d124", size = 492906 }
wheels = [
    { url = "https://files.pythonhosted.org/packages/d3/8c/443ec727c5d0aa68f35513f7918f2bcd4b7dd1bea83b26a9f8191e634814/pyschematron-1.2.1-py3-none-any.whl", hash = "sha256:c64ac4409e8b5cdf35a5790bfe052de06ba023e8680da15185ec63d8428d70ea", size = 73180 },
]

[[package]]
name = "pytest"
version = "8.4.2"
source = { registry = "https://pypi.org/simple" }
dependencies = [
    { name = "colorama", marker = "sys_platform == 'win32'" },
    { name = "iniconfig" },
    { name = "packaging" },
    { name = "pluggy" },
    { name = "pygments" },
]
sdist = { url = "https://files.pythonhosted.org/packages/a3/5c/00a0e072241553e1a7496d638deababa67c5058571567b92a7eaa258397c/pytest-8.4.2.tar.gz", hash = "sha256:86c0d0b93306b961d58d62a4db4879f27fe25513d4b969df351abdddb3c30e01", size = 1519618 }
wheels = [
    { url = "https://files.pythonhosted.org/packages/a8/a4/20da314d277121d6534b3a980b29035dcd51e6744bd79075a6ce8fa4eb8d/pytest-8.4.2-py3-none-any.whl", hash = "sha256:872f880de3fc3a5bdc88a11b39c9710c3497a547cfa9320bc3c5e62fbf272e79", size = 365750 },
]

[[package]]
name = "rich"
version = "15.0.0"
source = { registry = "https://pypi.org/simple" }
dependencies = [
    { name = "markdown-it-py" },
    { name = "pygments" },
]
sdist = { url = "https://files.pythonhosted.org/packages/c0/8f/0722ca900cc807c13a6a0c696dacf35430f72e0ec571c4275d2371fca3e9/rich-15.0.0.tar.gz", hash = "sha256:edd07a4824c6b40189fb7ac9bc4c52536e9780fbbfbddf6f1e2502c31b068c36", size = 230680 }
wheels = [
    { url = "https://files.pythonhosted.org/packages/82/3b/64d4899d73f91ba49a8c18a8ff3f0ea8f1c1d75481760df8c68ef5235bf5/rich-15.0.0-py3-none-any.whl", hash = "sha256:33bd4ef74232fb73fe9279a257718407f169c09b78a87ad3d296f548e27de0bb", size = 310654 },
]

[[package]]
name = "ruff"
version = "0.12.11"
source = { registry = "https://pypi.org/simple" }
sdist = { url = "https://files.pythonhosted.org/packages/de/55/16ab6a7d88d93001e1ae4c34cbdcfb376652d761799459ff27c1dc20f6fa/ruff-0.12.11.tar.gz", hash = "sha256:c6b09ae8426a65bbee5425b9d0b82796dbb07cb1af045743c79bfb163001165d", size = 5347103 }
wheels = [
    { url = "https://files.pythonhosted.org/packages/d6/a2/3b3573e474de39a7a475f3fbaf36a25600bfeb238e1a90392799163b64a0/ruff-0.12.11-py3-none-linux_armv6l.whl", hash = "sha256:93fce71e1cac3a8bf9200e63a38ac5c078f3b6baebffb74ba5274fb2ab276065", size = 11979885 },
    { url = "https://files.pythonhosted.org/packages/76/e4/235ad6d1785a2012d3ded2350fd9bc5c5af8c6f56820e696b0118dfe7d24/ruff-0.12.11-py3-none-macosx_10_12_x86_64.whl", hash = "sha256:b8e33ac7b28c772440afa80cebb972ffd823621ded90404f29e5ab6d1e2d4b93", size = 12742364 },
    { url = "https://files.pythonhosted.org/packages/2c/0d/15b72c5fe6b1e402a543aa9d8960e0a7e19dfb079f5b0b424db48b7febab/ruff-0.12.11-py3-none-macosx_11_0_arm64.whl", hash = "sha256:d69fb9d4937aa19adb2e9f058bc4fbfe986c2040acb1a4a9747734834eaa0bfd", size = 11920111 },
    { url = "https://files.pythonhosted.org/packages/3e/c0/f66339d7893798ad3e17fa5a1e587d6fd9806f7c1c062b63f8b09dda6702/ruff-0.12.11-py3-none-manylinux_2_17_aarch64.manylinux2014_aarch64.whl", hash = "sha256:411954eca8464595077a93e580e2918d0a01a19317af0a72132283e28ae21bee", size = 12160060 },
    { url = "https://files.pythonhosted.org/packages/03/69/9870368326db26f20c946205fb2d0008988aea552dbaec35fbacbb46efaa/ruff-0.12.11-py3-none-manylinux_2_17_armv7l.manylinux2014_armv7l.whl", hash = "sha256:6a2c0a2e1a450f387bf2c6237c727dd22191ae8c00e448e0672d624b2bbd7fb0", size = 11799848 },
    { url = "https://files.pythonhosted.org/packages/25/8c/dd2c7f990e9b3a8a55eee09d4e675027d31727ce33cdb29eab32d025bdc9/ruff-0.12.11-py3-none-manylinux_2_17_i686.manylinux2014_i686.whl", hash = "sha256:8ca4c3a7f937725fd2413c0e884b5248a19369ab9bdd850b5781348ba283f644", size = 13536288 },
    { url = "https://files.pythonhosted.org/packages/7a/30/d5496fa09aba59b5e01ea76775a4c8897b13055884f56f1c35a4194c2297/ruff-0.12.11-py3-none-manylinux_2_17_ppc64.manylinux2014_ppc64.whl", hash = "sha256:4d1df0098124006f6a66ecf3581a7f7e754c4df7644b2e6704cd7ca80ff95211", size = 14490633 },
    { url = "https://files.pythonhosted.org/packages/9b/2f/81f998180ad53445d403c386549d6946d0748e536d58fce5b5e173511183/ruff-0.12.11-py3-none-manylinux_2_17_ppc64le.manylinux2014_ppc64le.whl", hash = "sha256:5a8dd5f230efc99a24ace3b77e3555d3fbc0343aeed3fc84c8d89e75ab2ff793", size = 13888430 },
    { url = "https://files.pythonhosted.org/packages/87/71/23a0d1d5892a377478c61dbbcffe82a3476b050f38b5162171942a029ef3/ruff-0.12.11-py3-none-manylinux_2_17_s390x.manylinux2014_s390x.whl", hash = "sha256:4dc75533039d0ed04cd33fb8ca9ac9620b99672fe7ff1533b6402206901c34ee", size = 12913133 },
    { url = "https://files.pythonhosted.org/packages/80/22/3c6cef96627f89b344c933781ed38329bfb87737aa438f15da95907cbfd5/ruff-0.12.11-py3-none-manylinux_2_17_x86_64.manylinux2014_x86_64.whl", hash = "sha256:4fc58f9266d62c6eccc75261a665f26b4ef64840887fc6cbc552ce5b29f96cc8", size = 13169082 },
    { url = "https://files.pythonhosted.org/packages/05/b5/68b3ff96160d8b49e8dd10785ff3186be18fd650d356036a3770386e6c7f/ruff-0.12.11-py3-none-manylinux_2_31_riscv64.whl", hash = "sha256:5a0113bd6eafd545146440225fe60b4e9489f59eb5f5f107acd715ba5f0b3d2f", size = 13139490 },
    { url = "https://files.pythonhosted.org/packages/59/b9/050a3278ecd558f74f7ee016fbdf10591d50119df8d5f5da45a22c6afafc/ruff-0.12.11-py3-none-musllinux_1_2_aarch64.whl", hash = "sha256:0d737b4059d66295c3ea5720e6efc152623bb83fde5444209b69cd33a53e2000", size = 11958928 },
    { url = "https://files.pythonhosted.org/packages/f9/bc/93be37347db854806904a43b0493af8d6873472dfb4b4b8cbb27786eb651/ruff-0.12.11-py3-none-musllinux_1_2_armv7l.whl", hash = "sha256:916fc5defee32dbc1fc1650b576a8fed68f5e8256e2180d4d9855aea43d6aab2", size = 11764513 },
    { url = "https://files.pythonhosted.org/packages/7a/a1/1471751e2015a81fd8e166cd311456c11df74c7e8769d4aabfbc7584c7ac/ruff-0.12.11-py3-none-musllinux_1_2_i686.whl", hash = "sha256:c984f07d7adb42d3ded5be894fb4007f30f82c87559438b4879fe7aa08c62b39", size = 12745154 },
    { url = "https://files.pythonhosted.org/packages/68/ab/2542b14890d0f4872dd81b7b2a6aed3ac1786fae1ce9b17e11e6df9e31e3/ruff-0.12.11-py3-none-musllinux_1_2_x86_64.whl", hash = "sha256:e07fbb89f2e9249f219d88331c833860489b49cdf4b032b8e4432e9b13e8a4b9", size = 13227653 },
    { url = "https://files.pythonhosted.org/packages/22/16/2fbfc61047dbfd009c58a28369a693a1484ad15441723be1cd7fe69bb679/ruff-0.12.11-py3-none-win32.whl", hash = "sha256:c792e8f597c9c756e9bcd4d87cf407a00b60af77078c96f7b6366ea2ce9ba9d3", size = 11944270 },
    { url = "https://files.pythonhosted.org/packages/08/a5/34276984705bfe069cd383101c45077ee029c3fe3b28225bf67aa35f0647/ruff-0.12.11-py3-none-win_amd64.whl", hash = "sha256:a3283325960307915b6deb3576b96919ee89432ebd9c48771ca12ee8afe4a0fd", size = 13046600 },
    { url = "https://files.pythonhosted.org/packages/84/a8/001d4a7c2b37623a3fd7463208267fb906df40ff31db496157549cfd6e72/ruff-0.12.11-py3-none-win_arm64.whl", hash = "sha256:bae4d6e6a2676f8fb0f98b74594a048bae1b944aab17e9f5d504062303c6dbea", size = 12135290 },
]

[[package]]
name = "ruyaml"
version = "0.91.0"
source = { registry = "https://pypi.org/simple" }
dependencies = [
    { name = "distro" },
    { name = "setuptools" },
]
sdist = { url = "https://files.pythonhosted.org/packages/4b/75/abbc7eab08bad7f47887a0555d3ac9e3947f89d2416678c08e025e449fdc/ruyaml-0.91.0.tar.gz", hash = "sha256:6ce9de9f4d082d696d3bde264664d1bcdca8f5a9dff9d1a1f1a127969ab871ab", size = 239075 }
wheels = [
    { url = "https://files.pythonhosted.org/packages/1e/9a/16ca152a04b231c179c626de40af1d5d0bc2bc57bc875c397706016ddb2b/ruyaml-0.91.0-py3-none-any.whl", hash = "sha256:50e0ee3389c77ad340e209472e0effd41ae0275246df00cdad0a067532171755", size = 108906 },
]

[[package]]
name = "sbgn-validator"
version = "0.1.0"
source = { editable = "." }
dependencies = [
    { name = "elementpath" },
    { name = "pyschematron" },
]

[package.optional-dependencies]
test = [
    { name = "pytest" },
    { name = "ruff" },
]

[package.metadata]
requires-dist = [
    { name = "elementpath", specifier = "==5.0.4" },
    { name = "pyschematron", specifier = "==1.2.1" },
    { name = "pytest", marker = "extra == 'test'", specifier = "==8.4.2" },
    { name = "ruff", marker = "extra == 'test'", specifier = "==0.12.11" },
]
provides-extras = ["test"]

[[package]]
name = "setuptools"
version = "84.0.0"
source = { registry = "https://pypi.org/simple" }
sdist = { url = "https://files.pythonhosted.org/packages/6d/44/f5da03a8ef95d369145c5bb53050e7877c9f3d312e128605fd9504829143/setuptools-84.0.0.tar.gz", hash = "sha256:f4695c21257f0d9b537ec2692c941d02ee143b7cc1276941349a546573b2ef73", size = 1168449 }
wheels = [
    { url = "https://files.pythonhosted.org/packages/95/9c/c510029fc6ef33a6275cd2c5d3cecd6613dfd6aa401d57c54f1c18852ccf/setuptools-84.0.0-py3-none-any.whl", hash = "sha256:51a52592b3b99e102b609654876bd65f19f999935166d1352678931132b0c670", size = 818216 },
]

[[package]]
name = "shellingham"
version = "1.5.4"
source = { registry = "https://pypi.org/simple" }
sdist = { url = "https://files.pythonhosted.org/packages/58/15/8b3609fd3830ef7b27b655beb4b4e9c62313a4e8da8c676e142cc210d58e/shellingham-1.5.4.tar.gz", hash = "sha256:8dbca0739d487e5bd35ab3ca4b36e11c4078f3a234bfce294b0a0291363404de", size = 10310 }
wheels = [
    { url = "https://files.pythonhosted.org/packages/e0/f9/0595336914c5619e5f28a1fb793285925a8cd4b432c9da0a987836c7f822/shellingham-1.5.4-py2.py3-none-any.whl", hash = "sha256:7ecfff8f2fd72616f7481040475a65b2bf8af90a56c89140852d1120324e8686", size = 9755 },
]

[[package]]
name = "typer"
version = "0.27.2"
source = { registry = "https://pypi.org/simple" }
dependencies = [
    { name = "annotated-doc" },
    { name = "colorama", marker = "sys_platform == 'win32'" },
    { name = "rich" },
    { name = "shellingham" },
]
sdist = { url = "https://files.pythonhosted.org/packages/16/f7/57713ba479fd405eb76de31404b2c744c289e336b2d999511ebf51e496f7/typer-0.27.2.tar.gz", hash = "sha256:269b7eb9d3c202ca84b4bc9618cb04ebb43d3d4d1e567e4c768607232c05f945", size = 204045 }
wheels = [
    { url = "https://files.pythonhosted.org/packages/dc/bf/205d0004930ede8f542fb58f601526fccf4ae7626075ca1e6c4de5d3d652/typer-0.27.2-py3-none-any.whl", hash = "sha256:b3a5fc4342d5fc8fda8fc3010b1cf117e9249aab7fae800c2eff62fd3842d97d", size = 123130 },
]

[[package]]
name = "xmlschema"
version = "4.1.0"
source = { registry = "https://pypi.org/simple" }
dependencies = [
    { name = "elementpath" },
]
sdist = { url = "https://files.pythonhosted.org/packages/dd/cb/dc0236ae209c924c1a7f4d3ae9d3371980beda85d1e0b5bd2d4f07372e48/xmlschema-4.1.0.tar.gz", hash = "sha256:88ac771cf94d5fc6bbd1a763db8c157f3d683ad23120b0d0b8c46fe4537f2adf", size = 633811 }
wheels = [
    { url = "https://files.pythonhosted.org/packages/c5/2c/3ba8f8aeb3cb566e88a61ab0b0b767d5398d1e7293a0f7a76df9051e2b08/xmlschema-4.1.0-py3-none-any.whl", hash = "sha256:eabf610f398a58700bc4ac94380ad9ce558297a3f9ca8b7722ed3f7888eb4498", size = 458466 },
]
